// !$*UTF8*$!
{
	archiveVersion = 1;
	classes = {
	};
	objectVersion = 55;
	objects = {

/* Begin PBXBuildFile section */
		2A243072741DD83C846C43AD /* libPods-BithumbTest-BithumbTestUITests.a in Frameworks */ = {isa = PBXBuildFile; fileRef = F95867E0A1E95100D077F28E /* libPods-BithumbTest-BithumbTestUITests.a */; };
		6307D2DC27952533005EC2EF /* AppDelegate.swift in Sources */ = {isa = PBXBuildFile; fileRef = 6307D2DB27952533005EC2EF /* AppDelegate.swift */; };
		6307D2DE27952533005EC2EF /* SceneDelegate.swift in Sources */ = {isa = PBXBuildFile; fileRef = 6307D2DD27952533005EC2EF /* SceneDelegate.swift */; };
		6307D2E027952533005EC2EF /* MarketViewController.swift in Sources */ = {isa = PBXBuildFile; fileRef = 6307D2DF27952533005EC2EF /* MarketViewController.swift */; };
		6307D2E827952534005EC2EF /* Assets.xcassets in Resources */ = {isa = PBXBuildFile; fileRef = 6307D2E727952534005EC2EF /* Assets.xcassets */; };
		6307D2EB27952534005EC2EF /* LaunchScreen.storyboard in Resources */ = {isa = PBXBuildFile; fileRef = 6307D2E927952534005EC2EF /* LaunchScreen.storyboard */; };
		6307D2F627952534005EC2EF /* BithumbTestTests.swift in Sources */ = {isa = PBXBuildFile; fileRef = 6307D2F527952534005EC2EF /* BithumbTestTests.swift */; };
		6307D30027952534005EC2EF /* BithumbTestUITests.swift in Sources */ = {isa = PBXBuildFile; fileRef = 6307D2FF27952534005EC2EF /* BithumbTestUITests.swift */; };
		6307D30227952534005EC2EF /* BithumbTestUITestsLaunchTests.swift in Sources */ = {isa = PBXBuildFile; fileRef = 6307D30127952534005EC2EF /* BithumbTestUITestsLaunchTests.swift */; };
		63088F9F27952CB000606AAE /* WebsocketManager.swift in Sources */ = {isa = PBXBuildFile; fileRef = 63088F9E27952CB000606AAE /* WebsocketManager.swift */; };
		63088FA227952CDF00606AAE /* APIConfig.swift in Sources */ = {isa = PBXBuildFile; fileRef = 63088FA127952CDF00606AAE /* APIConfig.swift */; };
		63088FA527953AE200606AAE /* WSTransactionAPI.swift in Sources */ = {isa = PBXBuildFile; fileRef = 63088FA427953AE200606AAE /* WSTransactionAPI.swift */; };
		63088FA827953AE900606AAE /* WSCoin.swift in Sources */ = {isa = PBXBuildFile; fileRef = 63088FA727953AE900606AAE /* WSCoin.swift */; };
		63088FB0279541B600606AAE /* SocketMessageType.swift in Sources */ = {isa = PBXBuildFile; fileRef = 63088FAF279541B600606AAE /* SocketMessageType.swift */; };
		63088FB2279544FE00606AAE /* Symbol.swift in Sources */ = {isa = PBXBuildFile; fileRef = 63088FB1279544FE00606AAE /* Symbol.swift */; };
		63088FB627956EBE00606AAE /* APIError.swift in Sources */ = {isa = PBXBuildFile; fileRef = 63088FB527956EBE00606AAE /* APIError.swift */; };
		63088FBB27957E5600606AAE /* WSTransactionHistory.swift in Sources */ = {isa = PBXBuildFile; fileRef = 63088FBA27957E5600606AAE /* WSTransactionHistory.swift */; };
		632173D027A80A2B003563DD /* LinearChartViewController.swift in Sources */ = {isa = PBXBuildFile; fileRef = 632173CF27A80A2B003563DD /* LinearChartViewController.swift */; };
		632173D227A83359003563DD /* CDManager.swift in Sources */ = {isa = PBXBuildFile; fileRef = 632173D127A83359003563DD /* CDManager.swift */; };
		6330ABB72798320200860B05 /* CoinListViewDataSource.swift in Sources */ = {isa = PBXBuildFile; fileRef = 6330ABB62798320200860B05 /* CoinListViewDataSource.swift */; };
		6330ABBD27984D6800860B05 /* CoinListViewDelegate.swift in Sources */ = {isa = PBXBuildFile; fileRef = 6330ABBC27984D6800860B05 /* CoinListViewDelegate.swift */; };
		6339E9FA2796D6CE00238233 /* HTTPManager.swift in Sources */ = {isa = PBXBuildFile; fileRef = 6339E9F92796D6CE00238233 /* HTTPManager.swift */; };
		635474D427A03A4F00A90057 /* Coordinator.swift in Sources */ = {isa = PBXBuildFile; fileRef = 635474D327A03A4F00A90057 /* Coordinator.swift */; };
		635474DB27A0499600A90057 /* RootCoordinator.swift in Sources */ = {isa = PBXBuildFile; fileRef = 635474DA27A0499600A90057 /* RootCoordinator.swift */; };
		636198AE279EF920001E0C8E /* DataManager.swift in Sources */ = {isa = PBXBuildFile; fileRef = 636198AD279EF920001E0C8E /* DataManager.swift */; };
		6370539E2799C6A9008145C2 /* CoinListViewHeader.swift in Sources */ = {isa = PBXBuildFile; fileRef = 6370539B2799C6A9008145C2 /* CoinListViewHeader.swift */; };
		6370539F2799C6A9008145C2 /* CoinListViewCell.swift in Sources */ = {isa = PBXBuildFile; fileRef = 6370539C2799C6A9008145C2 /* CoinListViewCell.swift */; };
		637053A02799C6A9008145C2 /* CoinListViewSortButton.swift in Sources */ = {isa = PBXBuildFile; fileRef = 6370539D2799C6A9008145C2 /* CoinListViewSortButton.swift */; };
		637053A32799C6CE008145C2 /* UIColor.swift in Sources */ = {isa = PBXBuildFile; fileRef = 637053A22799C6CE008145C2 /* UIColor.swift */; };
		637151B327A513AB0065B26D /* OrderType.swift in Sources */ = {isa = PBXBuildFile; fileRef = 637151B227A513AB0065B26D /* OrderType.swift */; };
		637E359427A9429200BEEB6A /* Main.xcdatamodeld in Sources */ = {isa = PBXBuildFile; fileRef = 637E359227A9429200BEEB6A /* Main.xcdatamodeld */; };
		637E359827A94FB200BEEB6A /* CDCoin.swift in Sources */ = {isa = PBXBuildFile; fileRef = 637E359727A94FB200BEEB6A /* CDCoin.swift */; };
		637E359A27A9549900BEEB6A /* CDChartDatum.swift in Sources */ = {isa = PBXBuildFile; fileRef = 637E359927A9549900BEEB6A /* CDChartDatum.swift */; };
		6383E995279AD4B200679771 /* SortDirection.swift in Sources */ = {isa = PBXBuildFile; fileRef = 6383E994279AD4B200679771 /* SortDirection.swift */; };
		63A0D0812797D68C006B4EA8 /* CoinListViewController.swift in Sources */ = {isa = PBXBuildFile; fileRef = 63A0D0802797D68C006B4EA8 /* CoinListViewController.swift */; };
		63B4349227A6C0A600DE1938 /* LinearChartView.swift in Sources */ = {isa = PBXBuildFile; fileRef = 63B4349127A6C0A600DE1938 /* LinearChartView.swift */; };
		63B86DC427A7BE43006DA020 /* ChartDatum.swift in Sources */ = {isa = PBXBuildFile; fileRef = 63B86DC327A7BE43006DA020 /* ChartDatum.swift */; };
		63B86DC627A7BEF7006DA020 /* HTTPChartAPI.swift in Sources */ = {isa = PBXBuildFile; fileRef = 63B86DC527A7BEF6006DA020 /* HTTPChartAPI.swift */; };
		63B86DC827A7C00B006DA020 /* ChartType.swift in Sources */ = {isa = PBXBuildFile; fileRef = 63B86DC727A7C00B006DA020 /* ChartType.swift */; };
		63BD9B3E279596C80029CD96 /* WSTickerAPI.swift in Sources */ = {isa = PBXBuildFile; fileRef = 63BD9B3D279596C80029CD96 /* WSTickerAPI.swift */; };
		63BD9B412795974D0029CD96 /* WSRequestable.swift in Sources */ = {isa = PBXBuildFile; fileRef = 63BD9B402795974D0029CD96 /* WSRequestable.swift */; };
		63BD9B452795A2250029CD96 /* TickType.swift in Sources */ = {isa = PBXBuildFile; fileRef = 63BD9B442795A2250029CD96 /* TickType.swift */; };
		63C8E26127A3B43300103713 /* Spacing.swift in Sources */ = {isa = PBXBuildFile; fileRef = 63C8E26027A3B43300103713 /* Spacing.swift */; };
		63C8E26327A3B4E000103713 /* Width.swift in Sources */ = {isa = PBXBuildFile; fileRef = 63C8E26227A3B4E000103713 /* Width.swift */; };
		63C8E26527A3B52C00103713 /* Height.swift in Sources */ = {isa = PBXBuildFile; fileRef = 63C8E26427A3B52C00103713 /* Height.swift */; };
		63C8E26727A3BBCC00103713 /* WSOrderbook.swift in Sources */ = {isa = PBXBuildFile; fileRef = 63C8E26627A3BBCC00103713 /* WSOrderbook.swift */; };
		63C8E26927A3BCA500103713 /* WSOrderbookAPI.swift in Sources */ = {isa = PBXBuildFile; fileRef = 63C8E26827A3BCA500103713 /* WSOrderbookAPI.swift */; };
		63CBCA7B27A11A5D008AEDAE /* CoinDetailViewController.swift in Sources */ = {isa = PBXBuildFile; fileRef = 63CBCA7A27A11A5D008AEDAE /* CoinDetailViewController.swift */; };
		63CEEC6F2796E1EC00ABB208 /* StatusRepresentable.swift in Sources */ = {isa = PBXBuildFile; fileRef = 63CEEC6E2796E1EC00ABB208 /* StatusRepresentable.swift */; };
		63CEEC732796E86600ABB208 /* HTTPTickerAllAPI.swift in Sources */ = {isa = PBXBuildFile; fileRef = 63CEEC722796E86600ABB208 /* HTTPTickerAllAPI.swift */; };
		63CEEC752796E88500ABB208 /* HTTPRequestable.swift in Sources */ = {isa = PBXBuildFile; fileRef = 63CEEC742796E88500ABB208 /* HTTPRequestable.swift */; };
		63CEEC772796E91E00ABB208 /* HTTPCoin.swift in Sources */ = {isa = PBXBuildFile; fileRef = 63CEEC762796E91E00ABB208 /* HTTPCoin.swift */; };
		63CEEC792796F3A400ABB208 /* Exctuable.swift in Sources */ = {isa = PBXBuildFile; fileRef = 63CEEC782796F3A400ABB208 /* Exctuable.swift */; };
		63DDDCE727A9A967002EF712 /* AlertRepresentable.swift in Sources */ = {isa = PBXBuildFile; fileRef = 63DDDCE627A9A967002EF712 /* AlertRepresentable.swift */; };
		63E51F3927AA1C370032A256 /* ControlContainer.swift in Sources */ = {isa = PBXBuildFile; fileRef = 63E51F3827AA1C370032A256 /* ControlContainer.swift */; };
		63E51F3C27AA2D5F0032A256 /* UITapGesture.swift in Sources */ = {isa = PBXBuildFile; fileRef = 63E51F3B27AA2D5F0032A256 /* UITapGesture.swift */; };
		63E51F3E27AA309C0032A256 /* MyLabel.swift in Sources */ = {isa = PBXBuildFile; fileRef = 63E51F3D27AA309C0032A256 /* MyLabel.swift */; };
		63F0443C27A16BFA0076DD0F /* CoinDetailHeader.swift in Sources */ = {isa = PBXBuildFile; fileRef = 63F0443B27A16BFA0076DD0F /* CoinDetailHeader.swift */; };
		63F0443F27A1715E0076DD0F /* OrderbookViewController.swift in Sources */ = {isa = PBXBuildFile; fileRef = 63F0443E27A1715E0076DD0F /* OrderbookViewController.swift */; };
		63F0444127A171A60076DD0F /* OrderbookDataSource.swift in Sources */ = {isa = PBXBuildFile; fileRef = 63F0444027A171A60076DD0F /* OrderbookDataSource.swift */; };
		63F0444327A172290076DD0F /* OrderbookDelegate.swift in Sources */ = {isa = PBXBuildFile; fileRef = 63F0444227A172290076DD0F /* OrderbookDelegate.swift */; };
		63F0444527A175DB0076DD0F /* HTTPOrderbook.swift in Sources */ = {isa = PBXBuildFile; fileRef = 63F0444427A175DB0076DD0F /* HTTPOrderbook.swift */; };
		63F0444727A176A80076DD0F /* Stuff.swift in Sources */ = {isa = PBXBuildFile; fileRef = 63F0444627A176A80076DD0F /* Stuff.swift */; };
		63F0444927A17D4A0076DD0F /* HTTPOrderbookAPI.swift in Sources */ = {isa = PBXBuildFile; fileRef = 63F0444827A17D4A0076DD0F /* HTTPOrderbookAPI.swift */; };
		63F0444E27A1882D0076DD0F /* OrderbookViewCell.swift in Sources */ = {isa = PBXBuildFile; fileRef = 63F0444D27A1882D0076DD0F /* OrderbookViewCell.swift */; };
		63FF3FA227A04E060070EE31 /* MarketCoordinator.swift in Sources */ = {isa = PBXBuildFile; fileRef = 63FF3FA127A04E060070EE31 /* MarketCoordinator.swift */; };
		C1CE8FEF125CC09DEECCCCF8 /* libPods-BithumbTest.a in Frameworks */ = {isa = PBXBuildFile; fileRef = 2C5142213A45946B19147E1D /* libPods-BithumbTest.a */; };
		DB9A6A78D61473014AFE791F /* libPods-BithumbTestTests.a in Frameworks */ = {isa = PBXBuildFile; fileRef = 644B14142385BBC5CC55B4FA /* libPods-BithumbTestTests.a */; };
/* End PBXBuildFile section */

/* Begin PBXContainerItemProxy section */
		6307D2F227952534005EC2EF /* PBXContainerItemProxy */ = {
			isa = PBXContainerItemProxy;
			containerPortal = 6307D2D027952533005EC2EF /* Project object */;
			proxyType = 1;
			remoteGlobalIDString = 6307D2D727952533005EC2EF;
			remoteInfo = BithumbTest;
		};
		6307D2FC27952534005EC2EF /* PBXContainerItemProxy */ = {
			isa = PBXContainerItemProxy;
			containerPortal = 6307D2D027952533005EC2EF /* Project object */;
			proxyType = 1;
			remoteGlobalIDString = 6307D2D727952533005EC2EF;
			remoteInfo = BithumbTest;
		};
/* End PBXContainerItemProxy section */

/* Begin PBXFileReference section */
		19CA9A1658C1066B85860260 /* Pods-BithumbTest-BithumbTestUITests.release.xcconfig */ = {isa = PBXFileReference; includeInIndex = 1; lastKnownFileType = text.xcconfig; name = "Pods-BithumbTest-BithumbTestUITests.release.xcconfig"; path = "Target Support Files/Pods-BithumbTest-BithumbTestUITests/Pods-BithumbTest-BithumbTestUITests.release.xcconfig"; sourceTree = "<group>"; };
		2C5142213A45946B19147E1D /* libPods-BithumbTest.a */ = {isa = PBXFileReference; explicitFileType = archive.ar; includeInIndex = 0; path = "libPods-BithumbTest.a"; sourceTree = BUILT_PRODUCTS_DIR; };
		36C938EE4F8027F0ECBF9810 /* Pods-BithumbTestTests.debug.xcconfig */ = {isa = PBXFileReference; includeInIndex = 1; lastKnownFileType = text.xcconfig; name = "Pods-BithumbTestTests.debug.xcconfig"; path = "Target Support Files/Pods-BithumbTestTests/Pods-BithumbTestTests.debug.xcconfig"; sourceTree = "<group>"; };
		6307D2D827952533005EC2EF /* BithumbTest.app */ = {isa = PBXFileReference; explicitFileType = wrapper.application; includeInIndex = 0; path = BithumbTest.app; sourceTree = BUILT_PRODUCTS_DIR; };
		6307D2DB27952533005EC2EF /* AppDelegate.swift */ = {isa = PBXFileReference; lastKnownFileType = sourcecode.swift; path = AppDelegate.swift; sourceTree = "<group>"; };
		6307D2DD27952533005EC2EF /* SceneDelegate.swift */ = {isa = PBXFileReference; lastKnownFileType = sourcecode.swift; path = SceneDelegate.swift; sourceTree = "<group>"; };
		6307D2DF27952533005EC2EF /* MarketViewController.swift */ = {isa = PBXFileReference; lastKnownFileType = sourcecode.swift; path = MarketViewController.swift; sourceTree = "<group>"; };
		6307D2E727952534005EC2EF /* Assets.xcassets */ = {isa = PBXFileReference; lastKnownFileType = folder.assetcatalog; path = Assets.xcassets; sourceTree = "<group>"; };
		6307D2EA27952534005EC2EF /* Base */ = {isa = PBXFileReference; lastKnownFileType = file.storyboard; name = Base; path = Base.lproj/LaunchScreen.storyboard; sourceTree = "<group>"; };
		6307D2EC27952534005EC2EF /* Info.plist */ = {isa = PBXFileReference; lastKnownFileType = text.plist.xml; path = Info.plist; sourceTree = "<group>"; };
		6307D2F127952534005EC2EF /* BithumbTestTests.xctest */ = {isa = PBXFileReference; explicitFileType = wrapper.cfbundle; includeInIndex = 0; path = BithumbTestTests.xctest; sourceTree = BUILT_PRODUCTS_DIR; };
		6307D2F527952534005EC2EF /* BithumbTestTests.swift */ = {isa = PBXFileReference; lastKnownFileType = sourcecode.swift; path = BithumbTestTests.swift; sourceTree = "<group>"; };
		6307D2FB27952534005EC2EF /* BithumbTestUITests.xctest */ = {isa = PBXFileReference; explicitFileType = wrapper.cfbundle; includeInIndex = 0; path = BithumbTestUITests.xctest; sourceTree = BUILT_PRODUCTS_DIR; };
		6307D2FF27952534005EC2EF /* BithumbTestUITests.swift */ = {isa = PBXFileReference; lastKnownFileType = sourcecode.swift; path = BithumbTestUITests.swift; sourceTree = "<group>"; };
		6307D30127952534005EC2EF /* BithumbTestUITestsLaunchTests.swift */ = {isa = PBXFileReference; lastKnownFileType = sourcecode.swift; path = BithumbTestUITestsLaunchTests.swift; sourceTree = "<group>"; };
		63088F9E27952CB000606AAE /* WebsocketManager.swift */ = {isa = PBXFileReference; lastKnownFileType = sourcecode.swift; path = WebsocketManager.swift; sourceTree = "<group>"; };
		63088FA127952CDF00606AAE /* APIConfig.swift */ = {isa = PBXFileReference; lastKnownFileType = sourcecode.swift; path = APIConfig.swift; sourceTree = "<group>"; };
		63088FA427953AE200606AAE /* WSTransactionAPI.swift */ = {isa = PBXFileReference; lastKnownFileType = sourcecode.swift; path = WSTransactionAPI.swift; sourceTree = "<group>"; };
		63088FA727953AE900606AAE /* WSCoin.swift */ = {isa = PBXFileReference; lastKnownFileType = sourcecode.swift; path = WSCoin.swift; sourceTree = "<group>"; };
		63088FAF279541B600606AAE /* SocketMessageType.swift */ = {isa = PBXFileReference; lastKnownFileType = sourcecode.swift; path = SocketMessageType.swift; sourceTree = "<group>"; };
		63088FB1279544FE00606AAE /* Symbol.swift */ = {isa = PBXFileReference; lastKnownFileType = sourcecode.swift; path = Symbol.swift; sourceTree = "<group>"; };
		63088FB527956EBE00606AAE /* APIError.swift */ = {isa = PBXFileReference; lastKnownFileType = sourcecode.swift; path = APIError.swift; sourceTree = "<group>"; };
		63088FBA27957E5600606AAE /* WSTransactionHistory.swift */ = {isa = PBXFileReference; lastKnownFileType = sourcecode.swift; path = WSTransactionHistory.swift; sourceTree = "<group>"; };
		632173CF27A80A2B003563DD /* LinearChartViewController.swift */ = {isa = PBXFileReference; lastKnownFileType = sourcecode.swift; path = LinearChartViewController.swift; sourceTree = "<group>"; };
		632173D127A83359003563DD /* CDManager.swift */ = {isa = PBXFileReference; lastKnownFileType = sourcecode.swift; path = CDManager.swift; sourceTree = "<group>"; };
		6330ABB62798320200860B05 /* CoinListViewDataSource.swift */ = {isa = PBXFileReference; lastKnownFileType = sourcecode.swift; path = CoinListViewDataSource.swift; sourceTree = "<group>"; };
		6330ABBC27984D6800860B05 /* CoinListViewDelegate.swift */ = {isa = PBXFileReference; lastKnownFileType = sourcecode.swift; path = CoinListViewDelegate.swift; sourceTree = "<group>"; };
		6339E9F92796D6CE00238233 /* HTTPManager.swift */ = {isa = PBXFileReference; lastKnownFileType = sourcecode.swift; path = HTTPManager.swift; sourceTree = "<group>"; };
		635474D327A03A4F00A90057 /* Coordinator.swift */ = {isa = PBXFileReference; lastKnownFileType = sourcecode.swift; path = Coordinator.swift; sourceTree = "<group>"; };
		635474DA27A0499600A90057 /* RootCoordinator.swift */ = {isa = PBXFileReference; lastKnownFileType = sourcecode.swift; path = RootCoordinator.swift; sourceTree = "<group>"; };
		636198AD279EF920001E0C8E /* DataManager.swift */ = {isa = PBXFileReference; lastKnownFileType = sourcecode.swift; path = DataManager.swift; sourceTree = "<group>"; };
		6370539B2799C6A9008145C2 /* CoinListViewHeader.swift */ = {isa = PBXFileReference; fileEncoding = 4; lastKnownFileType = sourcecode.swift; path = CoinListViewHeader.swift; sourceTree = "<group>"; };
		6370539C2799C6A9008145C2 /* CoinListViewCell.swift */ = {isa = PBXFileReference; fileEncoding = 4; lastKnownFileType = sourcecode.swift; path = CoinListViewCell.swift; sourceTree = "<group>"; };
		6370539D2799C6A9008145C2 /* CoinListViewSortButton.swift */ = {isa = PBXFileReference; fileEncoding = 4; lastKnownFileType = sourcecode.swift; path = CoinListViewSortButton.swift; sourceTree = "<group>"; };
		637053A22799C6CE008145C2 /* UIColor.swift */ = {isa = PBXFileReference; fileEncoding = 4; lastKnownFileType = sourcecode.swift; path = UIColor.swift; sourceTree = "<group>"; };
		637151B227A513AB0065B26D /* OrderType.swift */ = {isa = PBXFileReference; lastKnownFileType = sourcecode.swift; path = OrderType.swift; sourceTree = "<group>"; };
		637E359327A9429200BEEB6A /* BithumbTest.xcdatamodel */ = {isa = PBXFileReference; lastKnownFileType = wrapper.xcdatamodel; path = BithumbTest.xcdatamodel; sourceTree = "<group>"; };
		637E359727A94FB200BEEB6A /* CDCoin.swift */ = {isa = PBXFileReference; lastKnownFileType = sourcecode.swift; path = CDCoin.swift; sourceTree = "<group>"; };
		637E359927A9549900BEEB6A /* CDChartDatum.swift */ = {isa = PBXFileReference; lastKnownFileType = sourcecode.swift; path = CDChartDatum.swift; sourceTree = "<group>"; };
		6383E994279AD4B200679771 /* SortDirection.swift */ = {isa = PBXFileReference; lastKnownFileType = sourcecode.swift; path = SortDirection.swift; sourceTree = "<group>"; };
		63A0D0802797D68C006B4EA8 /* CoinListViewController.swift */ = {isa = PBXFileReference; lastKnownFileType = sourcecode.swift; path = CoinListViewController.swift; sourceTree = "<group>"; };
		63B4349127A6C0A600DE1938 /* LinearChartView.swift */ = {isa = PBXFileReference; lastKnownFileType = sourcecode.swift; path = LinearChartView.swift; sourceTree = "<group>"; };
		63B86DC327A7BE43006DA020 /* ChartDatum.swift */ = {isa = PBXFileReference; lastKnownFileType = sourcecode.swift; path = ChartDatum.swift; sourceTree = "<group>"; };
		63B86DC527A7BEF6006DA020 /* HTTPChartAPI.swift */ = {isa = PBXFileReference; lastKnownFileType = sourcecode.swift; path = HTTPChartAPI.swift; sourceTree = "<group>"; };
		63B86DC727A7C00B006DA020 /* ChartType.swift */ = {isa = PBXFileReference; lastKnownFileType = sourcecode.swift; path = ChartType.swift; sourceTree = "<group>"; };
		63BD9B3D279596C80029CD96 /* WSTickerAPI.swift */ = {isa = PBXFileReference; lastKnownFileType = sourcecode.swift; path = WSTickerAPI.swift; sourceTree = "<group>"; };
		63BD9B402795974D0029CD96 /* WSRequestable.swift */ = {isa = PBXFileReference; lastKnownFileType = sourcecode.swift; path = WSRequestable.swift; sourceTree = "<group>"; };
		63BD9B442795A2250029CD96 /* TickType.swift */ = {isa = PBXFileReference; lastKnownFileType = sourcecode.swift; path = TickType.swift; sourceTree = "<group>"; };
		63C8E26027A3B43300103713 /* Spacing.swift */ = {isa = PBXFileReference; lastKnownFileType = sourcecode.swift; path = Spacing.swift; sourceTree = "<group>"; };
		63C8E26227A3B4E000103713 /* Width.swift */ = {isa = PBXFileReference; lastKnownFileType = sourcecode.swift; path = Width.swift; sourceTree = "<group>"; };
		63C8E26427A3B52C00103713 /* Height.swift */ = {isa = PBXFileReference; lastKnownFileType = sourcecode.swift; path = Height.swift; sourceTree = "<group>"; };
		63C8E26627A3BBCC00103713 /* WSOrderbook.swift */ = {isa = PBXFileReference; lastKnownFileType = sourcecode.swift; path = WSOrderbook.swift; sourceTree = "<group>"; };
		63C8E26827A3BCA500103713 /* WSOrderbookAPI.swift */ = {isa = PBXFileReference; lastKnownFileType = sourcecode.swift; path = WSOrderbookAPI.swift; sourceTree = "<group>"; };
		63CBCA7A27A11A5D008AEDAE /* CoinDetailViewController.swift */ = {isa = PBXFileReference; lastKnownFileType = sourcecode.swift; path = CoinDetailViewController.swift; sourceTree = "<group>"; };
		63CEEC6E2796E1EC00ABB208 /* StatusRepresentable.swift */ = {isa = PBXFileReference; lastKnownFileType = sourcecode.swift; path = StatusRepresentable.swift; sourceTree = "<group>"; };
		63CEEC722796E86600ABB208 /* HTTPTickerAllAPI.swift */ = {isa = PBXFileReference; lastKnownFileType = sourcecode.swift; path = HTTPTickerAllAPI.swift; sourceTree = "<group>"; };
		63CEEC742796E88500ABB208 /* HTTPRequestable.swift */ = {isa = PBXFileReference; lastKnownFileType = sourcecode.swift; path = HTTPRequestable.swift; sourceTree = "<group>"; };
		63CEEC762796E91E00ABB208 /* HTTPCoin.swift */ = {isa = PBXFileReference; lastKnownFileType = sourcecode.swift; path = HTTPCoin.swift; sourceTree = "<group>"; };
		63CEEC782796F3A400ABB208 /* Exctuable.swift */ = {isa = PBXFileReference; lastKnownFileType = sourcecode.swift; path = Exctuable.swift; sourceTree = "<group>"; };
		63DDDCE627A9A967002EF712 /* AlertRepresentable.swift */ = {isa = PBXFileReference; lastKnownFileType = sourcecode.swift; path = AlertRepresentable.swift; sourceTree = "<group>"; };
		63E51F3827AA1C370032A256 /* ControlContainer.swift */ = {isa = PBXFileReference; lastKnownFileType = sourcecode.swift; path = ControlContainer.swift; sourceTree = "<group>"; };
		63E51F3B27AA2D5F0032A256 /* UITapGesture.swift */ = {isa = PBXFileReference; lastKnownFileType = sourcecode.swift; path = UITapGesture.swift; sourceTree = "<group>"; };
		63E51F3D27AA309C0032A256 /* MyLabel.swift */ = {isa = PBXFileReference; lastKnownFileType = sourcecode.swift; path = MyLabel.swift; sourceTree = "<group>"; };
		63F0443B27A16BFA0076DD0F /* CoinDetailHeader.swift */ = {isa = PBXFileReference; lastKnownFileType = sourcecode.swift; path = CoinDetailHeader.swift; sourceTree = "<group>"; };
		63F0443E27A1715E0076DD0F /* OrderbookViewController.swift */ = {isa = PBXFileReference; lastKnownFileType = sourcecode.swift; path = OrderbookViewController.swift; sourceTree = "<group>"; };
		63F0444027A171A60076DD0F /* OrderbookDataSource.swift */ = {isa = PBXFileReference; lastKnownFileType = sourcecode.swift; path = OrderbookDataSource.swift; sourceTree = "<group>"; };
		63F0444227A172290076DD0F /* OrderbookDelegate.swift */ = {isa = PBXFileReference; lastKnownFileType = sourcecode.swift; path = OrderbookDelegate.swift; sourceTree = "<group>"; };
		63F0444427A175DB0076DD0F /* HTTPOrderbook.swift */ = {isa = PBXFileReference; lastKnownFileType = sourcecode.swift; path = HTTPOrderbook.swift; sourceTree = "<group>"; };
		63F0444627A176A80076DD0F /* Stuff.swift */ = {isa = PBXFileReference; lastKnownFileType = sourcecode.swift; path = Stuff.swift; sourceTree = "<group>"; };
		63F0444827A17D4A0076DD0F /* HTTPOrderbookAPI.swift */ = {isa = PBXFileReference; lastKnownFileType = sourcecode.swift; path = HTTPOrderbookAPI.swift; sourceTree = "<group>"; };
		63F0444D27A1882D0076DD0F /* OrderbookViewCell.swift */ = {isa = PBXFileReference; lastKnownFileType = sourcecode.swift; path = OrderbookViewCell.swift; sourceTree = "<group>"; };
		63FF3FA127A04E060070EE31 /* MarketCoordinator.swift */ = {isa = PBXFileReference; lastKnownFileType = sourcecode.swift; path = MarketCoordinator.swift; sourceTree = "<group>"; };
		644B14142385BBC5CC55B4FA /* libPods-BithumbTestTests.a */ = {isa = PBXFileReference; explicitFileType = archive.ar; includeInIndex = 0; path = "libPods-BithumbTestTests.a"; sourceTree = BUILT_PRODUCTS_DIR; };
		7F9BB1F87FAD512818EF1666 /* Pods-BithumbTest.debug.xcconfig */ = {isa = PBXFileReference; includeInIndex = 1; lastKnownFileType = text.xcconfig; name = "Pods-BithumbTest.debug.xcconfig"; path = "Target Support Files/Pods-BithumbTest/Pods-BithumbTest.debug.xcconfig"; sourceTree = "<group>"; };
		C2244A7EAB99D390A2264565 /* Pods-BithumbTest.release.xcconfig */ = {isa = PBXFileReference; includeInIndex = 1; lastKnownFileType = text.xcconfig; name = "Pods-BithumbTest.release.xcconfig"; path = "Target Support Files/Pods-BithumbTest/Pods-BithumbTest.release.xcconfig"; sourceTree = "<group>"; };
		E4583FD0AB33E270DDB2842B /* Pods-BithumbTestTests.release.xcconfig */ = {isa = PBXFileReference; includeInIndex = 1; lastKnownFileType = text.xcconfig; name = "Pods-BithumbTestTests.release.xcconfig"; path = "Target Support Files/Pods-BithumbTestTests/Pods-BithumbTestTests.release.xcconfig"; sourceTree = "<group>"; };
		E8F5E6EC22CE084306B333B5 /* Pods-BithumbTest-BithumbTestUITests.debug.xcconfig */ = {isa = PBXFileReference; includeInIndex = 1; lastKnownFileType = text.xcconfig; name = "Pods-BithumbTest-BithumbTestUITests.debug.xcconfig"; path = "Target Support Files/Pods-BithumbTest-BithumbTestUITests/Pods-BithumbTest-BithumbTestUITests.debug.xcconfig"; sourceTree = "<group>"; };
		F95867E0A1E95100D077F28E /* libPods-BithumbTest-BithumbTestUITests.a */ = {isa = PBXFileReference; explicitFileType = archive.ar; includeInIndex = 0; path = "libPods-BithumbTest-BithumbTestUITests.a"; sourceTree = BUILT_PRODUCTS_DIR; };
/* End PBXFileReference section */

/* Begin PBXFrameworksBuildPhase section */
		6307D2D527952533005EC2EF /* Frameworks */ = {
			isa = PBXFrameworksBuildPhase;
			buildActionMask = 2147483647;
			files = (
				C1CE8FEF125CC09DEECCCCF8 /* libPods-BithumbTest.a in Frameworks */,
			);
			runOnlyForDeploymentPostprocessing = 0;
		};
		6307D2EE27952534005EC2EF /* Frameworks */ = {
			isa = PBXFrameworksBuildPhase;
			buildActionMask = 2147483647;
			files = (
				DB9A6A78D61473014AFE791F /* libPods-BithumbTestTests.a in Frameworks */,
			);
			runOnlyForDeploymentPostprocessing = 0;
		};
		6307D2F827952534005EC2EF /* Frameworks */ = {
			isa = PBXFrameworksBuildPhase;
			buildActionMask = 2147483647;
			files = (
				2A243072741DD83C846C43AD /* libPods-BithumbTest-BithumbTestUITests.a in Frameworks */,
			);
			runOnlyForDeploymentPostprocessing = 0;
		};
/* End PBXFrameworksBuildPhase section */

/* Begin PBXGroup section */
		6307D2CF27952533005EC2EF = {
			isa = PBXGroup;
			children = (
				6307D2DA27952533005EC2EF /* BithumbTest */,
				6307D2F427952534005EC2EF /* BithumbTestTests */,
				6307D2FE27952534005EC2EF /* BithumbTestUITests */,
				6307D2D927952533005EC2EF /* Products */,
				A05115524AC2ADFE26C5B580 /* Pods */,
				98783EA1B25C966B685E677B /* Frameworks */,
			);
			sourceTree = "<group>";
		};
		6307D2D927952533005EC2EF /* Products */ = {
			isa = PBXGroup;
			children = (
				6307D2D827952533005EC2EF /* BithumbTest.app */,
				6307D2F127952534005EC2EF /* BithumbTestTests.xctest */,
				6307D2FB27952534005EC2EF /* BithumbTestUITests.xctest */,
			);
			name = Products;
			sourceTree = "<group>";
		};
		6307D2DA27952533005EC2EF /* BithumbTest */ = {
			isa = PBXGroup;
			children = (
				63BD9B3F2795973F0029CD96 /* Protoocls */,
				63088FA627953AE400606AAE /* Domain */,
				63CBCA7E27A15268008AEDAE /* CoreData */,
				63088F9C27952C9500606AAE /* Network */,
				635474D527A03AD800A90057 /* Coordinator */,
				6307D310279525F5005EC2EF /* Controller */,
				637053992799C6A9008145C2 /* View */,
				6307D30F279525E4005EC2EF /* Resource */,
				6307D30E279525DB005EC2EF /* App */,
			);
			path = BithumbTest;
			sourceTree = "<group>";
		};
		6307D2F427952534005EC2EF /* BithumbTestTests */ = {
			isa = PBXGroup;
			children = (
				6307D2F527952534005EC2EF /* BithumbTestTests.swift */,
			);
			path = BithumbTestTests;
			sourceTree = "<group>";
		};
		6307D2FE27952534005EC2EF /* BithumbTestUITests */ = {
			isa = PBXGroup;
			children = (
				6307D2FF27952534005EC2EF /* BithumbTestUITests.swift */,
				6307D30127952534005EC2EF /* BithumbTestUITestsLaunchTests.swift */,
			);
			path = BithumbTestUITests;
			sourceTree = "<group>";
		};
		6307D30E279525DB005EC2EF /* App */ = {
			isa = PBXGroup;
			children = (
				6307D2DB27952533005EC2EF /* AppDelegate.swift */,
				6307D2DD27952533005EC2EF /* SceneDelegate.swift */,
				6307D2EC27952534005EC2EF /* Info.plist */,
			);
			path = App;
			sourceTree = "<group>";
		};
		6307D30F279525E4005EC2EF /* Resource */ = {
			isa = PBXGroup;
			children = (
				6307D2E727952534005EC2EF /* Assets.xcassets */,
				6307D2E927952534005EC2EF /* LaunchScreen.storyboard */,
			);
			path = Resource;
			sourceTree = "<group>";
		};
		6307D310279525F5005EC2EF /* Controller */ = {
			isa = PBXGroup;
			children = (
				63CBCA7C27A12E51008AEDAE /* MarketView */,
			);
			path = Controller;
			sourceTree = "<group>";
		};
		6307D311279525FE005EC2EF /* Model */ = {
			isa = PBXGroup;
			children = (
				63088FA427953AE200606AAE /* WSTransactionAPI.swift */,
				63BD9B3D279596C80029CD96 /* WSTickerAPI.swift */,
				63C8E26827A3BCA500103713 /* WSOrderbookAPI.swift */,
				63CEEC722796E86600ABB208 /* HTTPTickerAllAPI.swift */,
				63F0444827A17D4A0076DD0F /* HTTPOrderbookAPI.swift */,
				63B86DC527A7BEF6006DA020 /* HTTPChartAPI.swift */,
			);
			path = Model;
			sourceTree = "<group>";
		};
		63088F9C27952C9500606AAE /* Network */ = {
			isa = PBXGroup;
			children = (
				63088FA127952CDF00606AAE /* APIConfig.swift */,
				63088FB527956EBE00606AAE /* APIError.swift */,
				63088F9E27952CB000606AAE /* WebsocketManager.swift */,
				6339E9F92796D6CE00238233 /* HTTPManager.swift */,
				6307D311279525FE005EC2EF /* Model */,
			);
			path = Network;
			sourceTree = "<group>";
		};
		63088FA627953AE400606AAE /* Domain */ = {
			isa = PBXGroup;
			children = (
				63088FB1279544FE00606AAE /* Symbol.swift */,
				63088FAF279541B600606AAE /* SocketMessageType.swift */,
				63BD9B442795A2250029CD96 /* TickType.swift */,
				637151B227A513AB0065B26D /* OrderType.swift */,
				63B86DC727A7C00B006DA020 /* ChartType.swift */,
				63F0444627A176A80076DD0F /* Stuff.swift */,
				63BD9B462795A2290029CD96 /* Model */,
			);
			path = Domain;
			sourceTree = "<group>";
		};
		632173CE27A80A01003563DD /* LinearChartView */ = {
			isa = PBXGroup;
			children = (
				632173CF27A80A2B003563DD /* LinearChartViewController.swift */,
			);
			path = LinearChartView;
			sourceTree = "<group>";
		};
		635474D527A03AD800A90057 /* Coordinator */ = {
			isa = PBXGroup;
			children = (
				635474DA27A0499600A90057 /* RootCoordinator.swift */,
				63FF3FA127A04E060070EE31 /* MarketCoordinator.swift */,
			);
			path = Coordinator;
			sourceTree = "<group>";
		};
		637053992799C6A9008145C2 /* View */ = {
			isa = PBXGroup;
			children = (
				63E51F3A27AA2D440032A256 /* Gesture */,
				6383E993279AD4A500679771 /* State */,
				637053A62799D1AC008145C2 /* Style */,
				6370539A2799C6A9008145C2 /* CoinListView */,
				63F0443A27A16BDD0076DD0F /* CoinDetailView */,
				63F0444C27A188200076DD0F /* OrderbookView */,
				63E51F3D27AA309C0032A256 /* MyLabel.swift */,
				63B4349127A6C0A600DE1938 /* LinearChartView.swift */,
			);
			path = View;
			sourceTree = "<group>";
		};
		6370539A2799C6A9008145C2 /* CoinListView */ = {
			isa = PBXGroup;
			children = (
				6370539B2799C6A9008145C2 /* CoinListViewHeader.swift */,
				6370539D2799C6A9008145C2 /* CoinListViewSortButton.swift */,
				6370539C2799C6A9008145C2 /* CoinListViewCell.swift */,
			);
			path = CoinListView;
			sourceTree = "<group>";
		};
		637053A62799D1AC008145C2 /* Style */ = {
			isa = PBXGroup;
			children = (
				637053A22799C6CE008145C2 /* UIColor.swift */,
				63C8E26027A3B43300103713 /* Spacing.swift */,
				63C8E26227A3B4E000103713 /* Width.swift */,
				63C8E26427A3B52C00103713 /* Height.swift */,
			);
			path = Style;
			sourceTree = "<group>";
		};
		6383E993279AD4A500679771 /* State */ = {
			isa = PBXGroup;
			children = (
				6383E994279AD4B200679771 /* SortDirection.swift */,
			);
			path = State;
			sourceTree = "<group>";
		};
		63A0D07F2797D662006B4EA8 /* CoinListView */ = {
			isa = PBXGroup;
			children = (
				63A0D0802797D68C006B4EA8 /* CoinListViewController.swift */,
				6330ABB62798320200860B05 /* CoinListViewDataSource.swift */,
				6330ABBC27984D6800860B05 /* CoinListViewDelegate.swift */,
			);
			path = CoinListView;
			sourceTree = "<group>";
		};
		63BD9B3F2795973F0029CD96 /* Protoocls */ = {
			isa = PBXGroup;
			children = (
				63CEEC782796F3A400ABB208 /* Exctuable.swift */,
				63BD9B402795974D0029CD96 /* WSRequestable.swift */,
				63CEEC742796E88500ABB208 /* HTTPRequestable.swift */,
				63CEEC6E2796E1EC00ABB208 /* StatusRepresentable.swift */,
				636198AD279EF920001E0C8E /* DataManager.swift */,
				635474D327A03A4F00A90057 /* Coordinator.swift */,
				63DDDCE627A9A967002EF712 /* AlertRepresentable.swift */,
				63E51F3827AA1C370032A256 /* ControlContainer.swift */,
			);
			path = Protoocls;
			sourceTree = "<group>";
		};
		63BD9B462795A2290029CD96 /* Model */ = {
			isa = PBXGroup;
			children = (
				63088FA727953AE900606AAE /* WSCoin.swift */,
				63C8E26627A3BBCC00103713 /* WSOrderbook.swift */,
				63088FBA27957E5600606AAE /* WSTransactionHistory.swift */,
				63CEEC762796E91E00ABB208 /* HTTPCoin.swift */,
				63F0444427A175DB0076DD0F /* HTTPOrderbook.swift */,
				63B86DC327A7BE43006DA020 /* ChartDatum.swift */,
			);
			path = Model;
			sourceTree = "<group>";
		};
		63CBCA7C27A12E51008AEDAE /* MarketView */ = {
			isa = PBXGroup;
			children = (
				6307D2DF27952533005EC2EF /* MarketViewController.swift */,
				63A0D07F2797D662006B4EA8 /* CoinListView */,
				63CBCA7D27A12E5B008AEDAE /* CoinDetailVIew */,
				63F0443D27A171390076DD0F /* OrderbookView */,
				632173CE27A80A01003563DD /* LinearChartView */,
			);
			path = MarketView;
			sourceTree = "<group>";
		};
		63CBCA7D27A12E5B008AEDAE /* CoinDetailVIew */ = {
			isa = PBXGroup;
			children = (
				63CBCA7A27A11A5D008AEDAE /* CoinDetailViewController.swift */,
			);
			path = CoinDetailVIew;
			sourceTree = "<group>";
		};
		63CBCA7E27A15268008AEDAE /* CoreData */ = {
			isa = PBXGroup;
			children = (
				637E359227A9429200BEEB6A /* Main.xcdatamodeld */,
				632173D127A83359003563DD /* CDManager.swift */,
				637E359727A94FB200BEEB6A /* CDCoin.swift */,
				637E359927A9549900BEEB6A /* CDChartDatum.swift */,
			);
			path = CoreData;
			sourceTree = "<group>";
		};
		63E51F3A27AA2D440032A256 /* Gesture */ = {
			isa = PBXGroup;
			children = (
				63E51F3B27AA2D5F0032A256 /* UITapGesture.swift */,
			);
			path = Gesture;
			sourceTree = "<group>";
		};
		63F0443A27A16BDD0076DD0F /* CoinDetailView */ = {
			isa = PBXGroup;
			children = (
				63F0443B27A16BFA0076DD0F /* CoinDetailHeader.swift */,
			);
			path = CoinDetailView;
			sourceTree = "<group>";
		};
		63F0443D27A171390076DD0F /* OrderbookView */ = {
			isa = PBXGroup;
			children = (
				63F0443E27A1715E0076DD0F /* OrderbookViewController.swift */,
				63F0444027A171A60076DD0F /* OrderbookDataSource.swift */,
				63F0444227A172290076DD0F /* OrderbookDelegate.swift */,
			);
			path = OrderbookView;
			sourceTree = "<group>";
		};
		63F0444C27A188200076DD0F /* OrderbookView */ = {
			isa = PBXGroup;
			children = (
				63F0444D27A1882D0076DD0F /* OrderbookViewCell.swift */,
			);
			path = OrderbookView;
			sourceTree = "<group>";
		};
		98783EA1B25C966B685E677B /* Frameworks */ = {
			isa = PBXGroup;
			children = (
				2C5142213A45946B19147E1D /* libPods-BithumbTest.a */,
				F95867E0A1E95100D077F28E /* libPods-BithumbTest-BithumbTestUITests.a */,
				644B14142385BBC5CC55B4FA /* libPods-BithumbTestTests.a */,
			);
			name = Frameworks;
			sourceTree = "<group>";
		};
		A05115524AC2ADFE26C5B580 /* Pods */ = {
			isa = PBXGroup;
			children = (
				7F9BB1F87FAD512818EF1666 /* Pods-BithumbTest.debug.xcconfig */,
				C2244A7EAB99D390A2264565 /* Pods-BithumbTest.release.xcconfig */,
				E8F5E6EC22CE084306B333B5 /* Pods-BithumbTest-BithumbTestUITests.debug.xcconfig */,
				19CA9A1658C1066B85860260 /* Pods-BithumbTest-BithumbTestUITests.release.xcconfig */,
				36C938EE4F8027F0ECBF9810 /* Pods-BithumbTestTests.debug.xcconfig */,
				E4583FD0AB33E270DDB2842B /* Pods-BithumbTestTests.release.xcconfig */,
			);
			path = Pods;
			sourceTree = "<group>";
		};
/* End PBXGroup section */

/* Begin PBXNativeTarget section */
		6307D2D727952533005EC2EF /* BithumbTest */ = {
			isa = PBXNativeTarget;
			buildConfigurationList = 6307D30527952534005EC2EF /* Build configuration list for PBXNativeTarget "BithumbTest" */;
			buildPhases = (
				DA755581C9C81E6FBE504C82 /* [CP] Check Pods Manifest.lock */,
				6395385627952818002A0416 /* SwiftLint */,
				6307D2D427952533005EC2EF /* Sources */,
				6307D2D527952533005EC2EF /* Frameworks */,
				6307D2D627952533005EC2EF /* Resources */,
			);
			buildRules = (
			);
			dependencies = (
			);
			name = BithumbTest;
			productName = BithumbTest;
			productReference = 6307D2D827952533005EC2EF /* BithumbTest.app */;
			productType = "com.apple.product-type.application";
		};
		6307D2F027952534005EC2EF /* BithumbTestTests */ = {
			isa = PBXNativeTarget;
			buildConfigurationList = 6307D30827952534005EC2EF /* Build configuration list for PBXNativeTarget "BithumbTestTests" */;
			buildPhases = (
				A6630293848BCA782D2A36CA /* [CP] Check Pods Manifest.lock */,
				6307D2ED27952534005EC2EF /* Sources */,
				6307D2EE27952534005EC2EF /* Frameworks */,
				6307D2EF27952534005EC2EF /* Resources */,
			);
			buildRules = (
			);
			dependencies = (
				6307D2F327952534005EC2EF /* PBXTargetDependency */,
			);
			name = BithumbTestTests;
			productName = BithumbTestTests;
			productReference = 6307D2F127952534005EC2EF /* BithumbTestTests.xctest */;
			productType = "com.apple.product-type.bundle.unit-test";
		};
		6307D2FA27952534005EC2EF /* BithumbTestUITests */ = {
			isa = PBXNativeTarget;
			buildConfigurationList = 6307D30B27952534005EC2EF /* Build configuration list for PBXNativeTarget "BithumbTestUITests" */;
			buildPhases = (
				C3BE8CCBD18CA1813A2797C2 /* [CP] Check Pods Manifest.lock */,
				6307D2F727952534005EC2EF /* Sources */,
				6307D2F827952534005EC2EF /* Frameworks */,
				6307D2F927952534005EC2EF /* Resources */,
			);
			buildRules = (
			);
			dependencies = (
				6307D2FD27952534005EC2EF /* PBXTargetDependency */,
			);
			name = BithumbTestUITests;
			productName = BithumbTestUITests;
			productReference = 6307D2FB27952534005EC2EF /* BithumbTestUITests.xctest */;
			productType = "com.apple.product-type.bundle.ui-testing";
		};
/* End PBXNativeTarget section */

/* Begin PBXProject section */
		6307D2D027952533005EC2EF /* Project object */ = {
			isa = PBXProject;
			attributes = {
				BuildIndependentTargetsInParallel = 1;
				LastSwiftUpdateCheck = 1310;
				LastUpgradeCheck = 1310;
				TargetAttributes = {
					6307D2D727952533005EC2EF = {
						CreatedOnToolsVersion = 13.1;
					};
					6307D2F027952534005EC2EF = {
						CreatedOnToolsVersion = 13.1;
						TestTargetID = 6307D2D727952533005EC2EF;
					};
					6307D2FA27952534005EC2EF = {
						CreatedOnToolsVersion = 13.1;
						TestTargetID = 6307D2D727952533005EC2EF;
					};
				};
			};
			buildConfigurationList = 6307D2D327952533005EC2EF /* Build configuration list for PBXProject "BithumbTest" */;
			compatibilityVersion = "Xcode 13.0";
			developmentRegion = en;
			hasScannedForEncodings = 0;
			knownRegions = (
				en,
				Base,
			);
			mainGroup = 6307D2CF27952533005EC2EF;
			productRefGroup = 6307D2D927952533005EC2EF /* Products */;
			projectDirPath = "";
			projectRoot = "";
			targets = (
				6307D2D727952533005EC2EF /* BithumbTest */,
				6307D2F027952534005EC2EF /* BithumbTestTests */,
				6307D2FA27952534005EC2EF /* BithumbTestUITests */,
			);
		};
/* End PBXProject section */

/* Begin PBXResourcesBuildPhase section */
		6307D2D627952533005EC2EF /* Resources */ = {
			isa = PBXResourcesBuildPhase;
			buildActionMask = 2147483647;
			files = (
				6307D2EB27952534005EC2EF /* LaunchScreen.storyboard in Resources */,
				6307D2E827952534005EC2EF /* Assets.xcassets in Resources */,
			);
			runOnlyForDeploymentPostprocessing = 0;
		};
		6307D2EF27952534005EC2EF /* Resources */ = {
			isa = PBXResourcesBuildPhase;
			buildActionMask = 2147483647;
			files = (
			);
			runOnlyForDeploymentPostprocessing = 0;
		};
		6307D2F927952534005EC2EF /* Resources */ = {
			isa = PBXResourcesBuildPhase;
			buildActionMask = 2147483647;
			files = (
			);
			runOnlyForDeploymentPostprocessing = 0;
		};
/* End PBXResourcesBuildPhase section */

/* Begin PBXShellScriptBuildPhase section */
		6395385627952818002A0416 /* SwiftLint */ = {
			isa = PBXShellScriptBuildPhase;
			buildActionMask = 2147483647;
			files = (
			);
			inputFileListPaths = (
			);
			inputPaths = (
			);
			name = SwiftLint;
			outputFileListPaths = (
			);
			outputPaths = (
			);
			runOnlyForDeploymentPostprocessing = 0;
			shellPath = /bin/sh;
			shellScript = "\"${PODS_ROOT}/SwiftLint/swiftlint\"\n";
		};
		A6630293848BCA782D2A36CA /* [CP] Check Pods Manifest.lock */ = {
			isa = PBXShellScriptBuildPhase;
			buildActionMask = 2147483647;
			files = (
			);
			inputFileListPaths = (
			);
			inputPaths = (
				"${PODS_PODFILE_DIR_PATH}/Podfile.lock",
				"${PODS_ROOT}/Manifest.lock",
			);
			name = "[CP] Check Pods Manifest.lock";
			outputFileListPaths = (
			);
			outputPaths = (
				"$(DERIVED_FILE_DIR)/Pods-BithumbTestTests-checkManifestLockResult.txt",
			);
			runOnlyForDeploymentPostprocessing = 0;
			shellPath = /bin/sh;
			shellScript = "diff \"${PODS_PODFILE_DIR_PATH}/Podfile.lock\" \"${PODS_ROOT}/Manifest.lock\" > /dev/null\nif [ $? != 0 ] ; then\n    # print error to STDERR\n    echo \"error: The sandbox is not in sync with the Podfile.lock. Run 'pod install' or update your CocoaPods installation.\" >&2\n    exit 1\nfi\n# This output is used by Xcode 'outputs' to avoid re-running this script phase.\necho \"SUCCESS\" > \"${SCRIPT_OUTPUT_FILE_0}\"\n";
			showEnvVarsInLog = 0;
		};
		C3BE8CCBD18CA1813A2797C2 /* [CP] Check Pods Manifest.lock */ = {
			isa = PBXShellScriptBuildPhase;
			buildActionMask = 2147483647;
			files = (
			);
			inputFileListPaths = (
			);
			inputPaths = (
				"${PODS_PODFILE_DIR_PATH}/Podfile.lock",
				"${PODS_ROOT}/Manifest.lock",
			);
			name = "[CP] Check Pods Manifest.lock";
			outputFileListPaths = (
			);
			outputPaths = (
				"$(DERIVED_FILE_DIR)/Pods-BithumbTest-BithumbTestUITests-checkManifestLockResult.txt",
			);
			runOnlyForDeploymentPostprocessing = 0;
			shellPath = /bin/sh;
			shellScript = "diff \"${PODS_PODFILE_DIR_PATH}/Podfile.lock\" \"${PODS_ROOT}/Manifest.lock\" > /dev/null\nif [ $? != 0 ] ; then\n    # print error to STDERR\n    echo \"error: The sandbox is not in sync with the Podfile.lock. Run 'pod install' or update your CocoaPods installation.\" >&2\n    exit 1\nfi\n# This output is used by Xcode 'outputs' to avoid re-running this script phase.\necho \"SUCCESS\" > \"${SCRIPT_OUTPUT_FILE_0}\"\n";
			showEnvVarsInLog = 0;
		};
		DA755581C9C81E6FBE504C82 /* [CP] Check Pods Manifest.lock */ = {
			isa = PBXShellScriptBuildPhase;
			buildActionMask = 2147483647;
			files = (
			);
			inputFileListPaths = (
			);
			inputPaths = (
				"${PODS_PODFILE_DIR_PATH}/Podfile.lock",
				"${PODS_ROOT}/Manifest.lock",
			);
			name = "[CP] Check Pods Manifest.lock";
			outputFileListPaths = (
			);
			outputPaths = (
				"$(DERIVED_FILE_DIR)/Pods-BithumbTest-checkManifestLockResult.txt",
			);
			runOnlyForDeploymentPostprocessing = 0;
			shellPath = /bin/sh;
			shellScript = "diff \"${PODS_PODFILE_DIR_PATH}/Podfile.lock\" \"${PODS_ROOT}/Manifest.lock\" > /dev/null\nif [ $? != 0 ] ; then\n    # print error to STDERR\n    echo \"error: The sandbox is not in sync with the Podfile.lock. Run 'pod install' or update your CocoaPods installation.\" >&2\n    exit 1\nfi\n# This output is used by Xcode 'outputs' to avoid re-running this script phase.\necho \"SUCCESS\" > \"${SCRIPT_OUTPUT_FILE_0}\"\n";
			showEnvVarsInLog = 0;
		};
/* End PBXShellScriptBuildPhase section */

/* Begin PBXSourcesBuildPhase section */
		6307D2D427952533005EC2EF /* Sources */ = {
			isa = PBXSourcesBuildPhase;
			buildActionMask = 2147483647;
			files = (
				63E51F3C27AA2D5F0032A256 /* UITapGesture.swift in Sources */,
				63A0D0812797D68C006B4EA8 /* CoinListViewController.swift in Sources */,
				63CEEC6F2796E1EC00ABB208 /* StatusRepresentable.swift in Sources */,
				6330ABBD27984D6800860B05 /* CoinListViewDelegate.swift in Sources */,
				63088F9F27952CB000606AAE /* WebsocketManager.swift in Sources */,
				63CBCA7B27A11A5D008AEDAE /* CoinDetailViewController.swift in Sources */,
				63F0444E27A1882D0076DD0F /* OrderbookViewCell.swift in Sources */,
				63C8E26327A3B4E000103713 /* Width.swift in Sources */,
				6330ABB72798320200860B05 /* CoinListViewDataSource.swift in Sources */,
				6307D2E027952533005EC2EF /* MarketViewController.swift in Sources */,
				63F0444727A176A80076DD0F /* Stuff.swift in Sources */,
				63088FA527953AE200606AAE /* WSTransactionAPI.swift in Sources */,
				635474D427A03A4F00A90057 /* Coordinator.swift in Sources */,
				637053A32799C6CE008145C2 /* UIColor.swift in Sources */,
				632173D027A80A2B003563DD /* LinearChartViewController.swift in Sources */,
				63088FA227952CDF00606AAE /* APIConfig.swift in Sources */,
				637053A02799C6A9008145C2 /* CoinListViewSortButton.swift in Sources */,
				63CEEC772796E91E00ABB208 /* HTTPCoin.swift in Sources */,
				63088FB2279544FE00606AAE /* Symbol.swift in Sources */,
				6370539E2799C6A9008145C2 /* CoinListViewHeader.swift in Sources */,
				63088FB0279541B600606AAE /* SocketMessageType.swift in Sources */,
				63CEEC752796E88500ABB208 /* HTTPRequestable.swift in Sources */,
				63B86DC427A7BE43006DA020 /* ChartDatum.swift in Sources */,
				63BD9B452795A2250029CD96 /* TickType.swift in Sources */,
				63DDDCE727A9A967002EF712 /* AlertRepresentable.swift in Sources */,
				63BD9B3E279596C80029CD96 /* WSTickerAPI.swift in Sources */,
				63E51F3E27AA309C0032A256 /* MyLabel.swift in Sources */,
				63088FBB27957E5600606AAE /* WSTransactionHistory.swift in Sources */,
				63C8E26927A3BCA500103713 /* WSOrderbookAPI.swift in Sources */,
				63FF3FA227A04E060070EE31 /* MarketCoordinator.swift in Sources */,
				637151B327A513AB0065B26D /* OrderType.swift in Sources */,
				63B4349227A6C0A600DE1938 /* LinearChartView.swift in Sources */,
				63B86DC827A7C00B006DA020 /* ChartType.swift in Sources */,
				63F0444127A171A60076DD0F /* OrderbookDataSource.swift in Sources */,
				6383E995279AD4B200679771 /* SortDirection.swift in Sources */,
				632173D227A83359003563DD /* CDManager.swift in Sources */,
				637E359827A94FB200BEEB6A /* CDCoin.swift in Sources */,
				63F0444327A172290076DD0F /* OrderbookDelegate.swift in Sources */,
				63BD9B412795974D0029CD96 /* WSRequestable.swift in Sources */,
				63C8E26727A3BBCC00103713 /* WSOrderbook.swift in Sources */,
				63C8E26527A3B52C00103713 /* Height.swift in Sources */,
				6307D2DC27952533005EC2EF /* AppDelegate.swift in Sources */,
				63B86DC627A7BEF7006DA020 /* HTTPChartAPI.swift in Sources */,
				63F0444927A17D4A0076DD0F /* HTTPOrderbookAPI.swift in Sources */,
				63CEEC732796E86600ABB208 /* HTTPTickerAllAPI.swift in Sources */,
				63F0443C27A16BFA0076DD0F /* CoinDetailHeader.swift in Sources */,
				63F0443F27A1715E0076DD0F /* OrderbookViewController.swift in Sources */,
				6339E9FA2796D6CE00238233 /* HTTPManager.swift in Sources */,
				635474DB27A0499600A90057 /* RootCoordinator.swift in Sources */,
				637E359427A9429200BEEB6A /* Main.xcdatamodeld in Sources */,
				63CEEC792796F3A400ABB208 /* Exctuable.swift in Sources */,
				6307D2DE27952533005EC2EF /* SceneDelegate.swift in Sources */,
				6370539F2799C6A9008145C2 /* CoinListViewCell.swift in Sources */,
				63E51F3927AA1C370032A256 /* ControlContainer.swift in Sources */,
				636198AE279EF920001E0C8E /* DataManager.swift in Sources */,
				63088FA827953AE900606AAE /* WSCoin.swift in Sources */,
				63F0444527A175DB0076DD0F /* HTTPOrderbook.swift in Sources */,
				637E359A27A9549900BEEB6A /* CDChartDatum.swift in Sources */,
				63C8E26127A3B43300103713 /* Spacing.swift in Sources */,
				63088FB627956EBE00606AAE /* APIError.swift in Sources */,
			);
			runOnlyForDeploymentPostprocessing = 0;
		};
		6307D2ED27952534005EC2EF /* Sources */ = {
			isa = PBXSourcesBuildPhase;
			buildActionMask = 2147483647;
			files = (
				6307D2F627952534005EC2EF /* BithumbTestTests.swift in Sources */,
			);
			runOnlyForDeploymentPostprocessing = 0;
		};
		6307D2F727952534005EC2EF /* Sources */ = {
			isa = PBXSourcesBuildPhase;
			buildActionMask = 2147483647;
			files = (
				6307D30227952534005EC2EF /* BithumbTestUITestsLaunchTests.swift in Sources */,
				6307D30027952534005EC2EF /* BithumbTestUITests.swift in Sources */,
			);
			runOnlyForDeploymentPostprocessing = 0;
		};
/* End PBXSourcesBuildPhase section */

/* Begin PBXTargetDependency section */
		6307D2F327952534005EC2EF /* PBXTargetDependency */ = {
			isa = PBXTargetDependency;
			target = 6307D2D727952533005EC2EF /* BithumbTest */;
			targetProxy = 6307D2F227952534005EC2EF /* PBXContainerItemProxy */;
		};
		6307D2FD27952534005EC2EF /* PBXTargetDependency */ = {
			isa = PBXTargetDependency;
			target = 6307D2D727952533005EC2EF /* BithumbTest */;
			targetProxy = 6307D2FC27952534005EC2EF /* PBXContainerItemProxy */;
		};
/* End PBXTargetDependency section */

/* Begin PBXVariantGroup section */
		6307D2E927952534005EC2EF /* LaunchScreen.storyboard */ = {
			isa = PBXVariantGroup;
			children = (
				6307D2EA27952534005EC2EF /* Base */,
			);
			name = LaunchScreen.storyboard;
			sourceTree = "<group>";
		};
/* End PBXVariantGroup section */

/* Begin XCBuildConfiguration section */
		6307D30327952534005EC2EF /* Debug */ = {
			isa = XCBuildConfiguration;
			buildSettings = {
				ALWAYS_SEARCH_USER_PATHS = NO;
				CLANG_ANALYZER_NONNULL = YES;
				CLANG_ANALYZER_NUMBER_OBJECT_CONVERSION = YES_AGGRESSIVE;
				CLANG_CXX_LANGUAGE_STANDARD = "gnu++17";
				CLANG_CXX_LIBRARY = "libc++";
				CLANG_ENABLE_MODULES = YES;
				CLANG_ENABLE_OBJC_ARC = YES;
				CLANG_ENABLE_OBJC_WEAK = YES;
				CLANG_WARN_BLOCK_CAPTURE_AUTORELEASING = YES;
				CLANG_WARN_BOOL_CONVERSION = YES;
				CLANG_WARN_COMMA = YES;
				CLANG_WARN_CONSTANT_CONVERSION = YES;
				CLANG_WARN_DEPRECATED_OBJC_IMPLEMENTATIONS = YES;
				CLANG_WARN_DIRECT_OBJC_ISA_USAGE = YES_ERROR;
				CLANG_WARN_DOCUMENTATION_COMMENTS = YES;
				CLANG_WARN_EMPTY_BODY = YES;
				CLANG_WARN_ENUM_CONVERSION = YES;
				CLANG_WARN_INFINITE_RECURSION = YES;
				CLANG_WARN_INT_CONVERSION = YES;
				CLANG_WARN_NON_LITERAL_NULL_CONVERSION = YES;
				CLANG_WARN_OBJC_IMPLICIT_RETAIN_SELF = YES;
				CLANG_WARN_OBJC_LITERAL_CONVERSION = YES;
				CLANG_WARN_OBJC_ROOT_CLASS = YES_ERROR;
				CLANG_WARN_QUOTED_INCLUDE_IN_FRAMEWORK_HEADER = YES;
				CLANG_WARN_RANGE_LOOP_ANALYSIS = YES;
				CLANG_WARN_STRICT_PROTOTYPES = YES;
				CLANG_WARN_SUSPICIOUS_MOVE = YES;
				CLANG_WARN_UNGUARDED_AVAILABILITY = YES_AGGRESSIVE;
				CLANG_WARN_UNREACHABLE_CODE = YES;
				CLANG_WARN__DUPLICATE_METHOD_MATCH = YES;
				COPY_PHASE_STRIP = NO;
				DEBUG_INFORMATION_FORMAT = dwarf;
				ENABLE_STRICT_OBJC_MSGSEND = YES;
				ENABLE_TESTABILITY = YES;
				GCC_C_LANGUAGE_STANDARD = gnu11;
				GCC_DYNAMIC_NO_PIC = NO;
				GCC_NO_COMMON_BLOCKS = YES;
				GCC_OPTIMIZATION_LEVEL = 0;
				GCC_PREPROCESSOR_DEFINITIONS = (
					"DEBUG=1",
					"$(inherited)",
				);
				GCC_WARN_64_TO_32_BIT_CONVERSION = YES;
				GCC_WARN_ABOUT_RETURN_TYPE = YES_ERROR;
				GCC_WARN_UNDECLARED_SELECTOR = YES;
				GCC_WARN_UNINITIALIZED_AUTOS = YES_AGGRESSIVE;
				GCC_WARN_UNUSED_FUNCTION = YES;
				GCC_WARN_UNUSED_VARIABLE = YES;
				IPHONEOS_DEPLOYMENT_TARGET = 15.0;
				MTL_ENABLE_DEBUG_INFO = INCLUDE_SOURCE;
				MTL_FAST_MATH = YES;
				ONLY_ACTIVE_ARCH = YES;
				SDKROOT = iphoneos;
				SWIFT_ACTIVE_COMPILATION_CONDITIONS = DEBUG;
				SWIFT_OPTIMIZATION_LEVEL = "-Onone";
			};
			name = Debug;
		};
		6307D30427952534005EC2EF /* Release */ = {
			isa = XCBuildConfiguration;
			buildSettings = {
				ALWAYS_SEARCH_USER_PATHS = NO;
				CLANG_ANALYZER_NONNULL = YES;
				CLANG_ANALYZER_NUMBER_OBJECT_CONVERSION = YES_AGGRESSIVE;
				CLANG_CXX_LANGUAGE_STANDARD = "gnu++17";
				CLANG_CXX_LIBRARY = "libc++";
				CLANG_ENABLE_MODULES = YES;
				CLANG_ENABLE_OBJC_ARC = YES;
				CLANG_ENABLE_OBJC_WEAK = YES;
				CLANG_WARN_BLOCK_CAPTURE_AUTORELEASING = YES;
				CLANG_WARN_BOOL_CONVERSION = YES;
				CLANG_WARN_COMMA = YES;
				CLANG_WARN_CONSTANT_CONVERSION = YES;
				CLANG_WARN_DEPRECATED_OBJC_IMPLEMENTATIONS = YES;
				CLANG_WARN_DIRECT_OBJC_ISA_USAGE = YES_ERROR;
				CLANG_WARN_DOCUMENTATION_COMMENTS = YES;
				CLANG_WARN_EMPTY_BODY = YES;
				CLANG_WARN_ENUM_CONVERSION = YES;
				CLANG_WARN_INFINITE_RECURSION = YES;
				CLANG_WARN_INT_CONVERSION = YES;
				CLANG_WARN_NON_LITERAL_NULL_CONVERSION = YES;
				CLANG_WARN_OBJC_IMPLICIT_RETAIN_SELF = YES;
				CLANG_WARN_OBJC_LITERAL_CONVERSION = YES;
				CLANG_WARN_OBJC_ROOT_CLASS = YES_ERROR;
				CLANG_WARN_QUOTED_INCLUDE_IN_FRAMEWORK_HEADER = YES;
				CLANG_WARN_RANGE_LOOP_ANALYSIS = YES;
				CLANG_WARN_STRICT_PROTOTYPES = YES;
				CLANG_WARN_SUSPICIOUS_MOVE = YES;
				CLANG_WARN_UNGUARDED_AVAILABILITY = YES_AGGRESSIVE;
				CLANG_WARN_UNREACHABLE_CODE = YES;
				CLANG_WARN__DUPLICATE_METHOD_MATCH = YES;
				COPY_PHASE_STRIP = NO;
				DEBUG_INFORMATION_FORMAT = "dwarf-with-dsym";
				ENABLE_NS_ASSERTIONS = NO;
				ENABLE_STRICT_OBJC_MSGSEND = YES;
				GCC_C_LANGUAGE_STANDARD = gnu11;
				GCC_NO_COMMON_BLOCKS = YES;
				GCC_WARN_64_TO_32_BIT_CONVERSION = YES;
				GCC_WARN_ABOUT_RETURN_TYPE = YES_ERROR;
				GCC_WARN_UNDECLARED_SELECTOR = YES;
				GCC_WARN_UNINITIALIZED_AUTOS = YES_AGGRESSIVE;
				GCC_WARN_UNUSED_FUNCTION = YES;
				GCC_WARN_UNUSED_VARIABLE = YES;
				IPHONEOS_DEPLOYMENT_TARGET = 15.0;
				MTL_ENABLE_DEBUG_INFO = NO;
				MTL_FAST_MATH = YES;
				SDKROOT = iphoneos;
				SWIFT_COMPILATION_MODE = wholemodule;
				SWIFT_OPTIMIZATION_LEVEL = "-O";
				VALIDATE_PRODUCT = YES;
			};
			name = Release;
		};
		6307D30627952534005EC2EF /* Debug */ = {
			isa = XCBuildConfiguration;
			baseConfigurationReference = 7F9BB1F87FAD512818EF1666 /* Pods-BithumbTest.debug.xcconfig */;
			buildSettings = {
				ASSETCATALOG_COMPILER_APPICON_NAME = AppIcon;
				ASSETCATALOG_COMPILER_GLOBAL_ACCENT_COLOR_NAME = AccentColor;
				CODE_SIGN_STYLE = Automatic;
				CURRENT_PROJECT_VERSION = 1;
				DEVELOPMENT_TEAM = HDTL2HPD5J;
				GENERATE_INFOPLIST_FILE = YES;
				INFOPLIST_FILE = BithumbTest/App/Info.plist;
				INFOPLIST_KEY_UIApplicationSupportsIndirectInputEvents = YES;
				INFOPLIST_KEY_UILaunchStoryboardName = LaunchScreen;
				INFOPLIST_KEY_UISupportedInterfaceOrientations_iPad = "UIInterfaceOrientationPortrait UIInterfaceOrientationPortraitUpsideDown UIInterfaceOrientationLandscapeLeft UIInterfaceOrientationLandscapeRight";
				INFOPLIST_KEY_UISupportedInterfaceOrientations_iPhone = "UIInterfaceOrientationPortrait UIInterfaceOrientationLandscapeLeft UIInterfaceOrientationLandscapeRight";
				IPHONEOS_DEPLOYMENT_TARGET = 13.0;
				LD_RUNPATH_SEARCH_PATHS = (
					"$(inherited)",
					"@executable_path/Frameworks",
				);
				MARKETING_VERSION = 1.0;
				PRODUCT_BUNDLE_IDENTIFIER = com.github.soo941226.BithumbTest;
				PRODUCT_NAME = "$(TARGET_NAME)";
				SWIFT_EMIT_LOC_STRINGS = YES;
				SWIFT_VERSION = 5.0;
				TARGETED_DEVICE_FAMILY = "1,2";
			};
			name = Debug;
		};
		6307D30727952534005EC2EF /* Release */ = {
			isa = XCBuildConfiguration;
			baseConfigurationReference = C2244A7EAB99D390A2264565 /* Pods-BithumbTest.release.xcconfig */;
			buildSettings = {
				ASSETCATALOG_COMPILER_APPICON_NAME = AppIcon;
				ASSETCATALOG_COMPILER_GLOBAL_ACCENT_COLOR_NAME = AccentColor;
				CODE_SIGN_STYLE = Automatic;
				CURRENT_PROJECT_VERSION = 1;
				DEVELOPMENT_TEAM = HDTL2HPD5J;
				GENERATE_INFOPLIST_FILE = YES;
				INFOPLIST_FILE = BithumbTest/App/Info.plist;
				INFOPLIST_KEY_UIApplicationSupportsIndirectInputEvents = YES;
				INFOPLIST_KEY_UILaunchStoryboardName = LaunchScreen;
				INFOPLIST_KEY_UISupportedInterfaceOrientations_iPad = "UIInterfaceOrientationPortrait UIInterfaceOrientationPortraitUpsideDown UIInterfaceOrientationLandscapeLeft UIInterfaceOrientationLandscapeRight";
				INFOPLIST_KEY_UISupportedInterfaceOrientations_iPhone = "UIInterfaceOrientationPortrait UIInterfaceOrientationLandscapeLeft UIInterfaceOrientationLandscapeRight";
				IPHONEOS_DEPLOYMENT_TARGET = 13.0;
				LD_RUNPATH_SEARCH_PATHS = (
					"$(inherited)",
					"@executable_path/Frameworks",
				);
				MARKETING_VERSION = 1.0;
				PRODUCT_BUNDLE_IDENTIFIER = com.github.soo941226.BithumbTest;
				PRODUCT_NAME = "$(TARGET_NAME)";
				SWIFT_EMIT_LOC_STRINGS = YES;
				SWIFT_VERSION = 5.0;
				TARGETED_DEVICE_FAMILY = "1,2";
			};
			name = Release;
		};
		6307D30927952534005EC2EF /* Debug */ = {
			isa = XCBuildConfiguration;
			baseConfigurationReference = 36C938EE4F8027F0ECBF9810 /* Pods-BithumbTestTests.debug.xcconfig */;
			buildSettings = {
				ALWAYS_EMBED_SWIFT_STANDARD_LIBRARIES = YES;
				BUNDLE_LOADER = "$(TEST_HOST)";
				CODE_SIGN_STYLE = Automatic;
				CURRENT_PROJECT_VERSION = 1;
				DEVELOPMENT_TEAM = HDTL2HPD5J;
				GENERATE_INFOPLIST_FILE = YES;
				IPHONEOS_DEPLOYMENT_TARGET = 15.0;
				LD_RUNPATH_SEARCH_PATHS = (
					"$(inherited)",
					"@executable_path/Frameworks",
					"@loader_path/Frameworks",
				);
				MARKETING_VERSION = 1.0;
				PRODUCT_BUNDLE_IDENTIFIER = com.github.soo941226.BithumbTestTests;
				PRODUCT_NAME = "$(TARGET_NAME)";
				SWIFT_EMIT_LOC_STRINGS = NO;
				SWIFT_VERSION = 5.0;
				TARGETED_DEVICE_FAMILY = "1,2";
				TEST_HOST = "$(BUILT_PRODUCTS_DIR)/BithumbTest.app/BithumbTest";
			};
			name = Debug;
		};
		6307D30A27952534005EC2EF /* Release */ = {
			isa = XCBuildConfiguration;
			baseConfigurationReference = E4583FD0AB33E270DDB2842B /* Pods-BithumbTestTests.release.xcconfig */;
			buildSettings = {
				ALWAYS_EMBED_SWIFT_STANDARD_LIBRARIES = YES;
				BUNDLE_LOADER = "$(TEST_HOST)";
				CODE_SIGN_STYLE = Automatic;
				CURRENT_PROJECT_VERSION = 1;
				DEVELOPMENT_TEAM = HDTL2HPD5J;
				GENERATE_INFOPLIST_FILE = YES;
				IPHONEOS_DEPLOYMENT_TARGET = 15.0;
				LD_RUNPATH_SEARCH_PATHS = (
					"$(inherited)",
					"@executable_path/Frameworks",
					"@loader_path/Frameworks",
				);
				MARKETING_VERSION = 1.0;
				PRODUCT_BUNDLE_IDENTIFIER = com.github.soo941226.BithumbTestTests;
				PRODUCT_NAME = "$(TARGET_NAME)";
				SWIFT_EMIT_LOC_STRINGS = NO;
				SWIFT_VERSION = 5.0;
				TARGETED_DEVICE_FAMILY = "1,2";
				TEST_HOST = "$(BUILT_PRODUCTS_DIR)/BithumbTest.app/BithumbTest";
			};
			name = Release;
		};
		6307D30C27952534005EC2EF /* Debug */ = {
			isa = XCBuildConfiguration;
			baseConfigurationReference = E8F5E6EC22CE084306B333B5 /* Pods-BithumbTest-BithumbTestUITests.debug.xcconfig */;
			buildSettings = {
				ALWAYS_EMBED_SWIFT_STANDARD_LIBRARIES = YES;
				CODE_SIGN_STYLE = Automatic;
				CURRENT_PROJECT_VERSION = 1;
				DEVELOPMENT_TEAM = HDTL2HPD5J;
				GENERATE_INFOPLIST_FILE = YES;
				LD_RUNPATH_SEARCH_PATHS = (
					"$(inherited)",
					"@executable_path/Frameworks",
					"@loader_path/Frameworks",
				);
				MARKETING_VERSION = 1.0;
				PRODUCT_BUNDLE_IDENTIFIER = com.github.soo941226.BithumbTestUITests;
				PRODUCT_NAME = "$(TARGET_NAME)";
				SWIFT_EMIT_LOC_STRINGS = NO;
				SWIFT_VERSION = 5.0;
				TARGETED_DEVICE_FAMILY = "1,2";
				TEST_TARGET_NAME = BithumbTest;
			};
			name = Debug;
		};
		6307D30D27952534005EC2EF /* Release */ = {
			isa = XCBuildConfiguration;
			baseConfigurationReference = 19CA9A1658C1066B85860260 /* Pods-BithumbTest-BithumbTestUITests.release.xcconfig */;
			buildSettings = {
				ALWAYS_EMBED_SWIFT_STANDARD_LIBRARIES = YES;
				CODE_SIGN_STYLE = Automatic;
				CURRENT_PROJECT_VERSION = 1;
				DEVELOPMENT_TEAM = HDTL2HPD5J;
				GENERATE_INFOPLIST_FILE = YES;
				LD_RUNPATH_SEARCH_PATHS = (
					"$(inherited)",
					"@executable_path/Frameworks",
					"@loader_path/Frameworks",
				);
				MARKETING_VERSION = 1.0;
				PRODUCT_BUNDLE_IDENTIFIER = com.github.soo941226.BithumbTestUITests;
				PRODUCT_NAME = "$(TARGET_NAME)";
				SWIFT_EMIT_LOC_STRINGS = NO;
				SWIFT_VERSION = 5.0;
				TARGETED_DEVICE_FAMILY = "1,2";
				TEST_TARGET_NAME = BithumbTest;
			};
			name = Release;
		};
/* End XCBuildConfiguration section */

/* Begin XCConfigurationList section */
		6307D2D327952533005EC2EF /* Build configuration list for PBXProject "BithumbTest" */ = {
			isa = XCConfigurationList;
			buildConfigurations = (
				6307D30327952534005EC2EF /* Debug */,
				6307D30427952534005EC2EF /* Release */,
			);
			defaultConfigurationIsVisible = 0;
			defaultConfigurationName = Release;
		};
		6307D30527952534005EC2EF /* Build configuration list for PBXNativeTarget "BithumbTest" */ = {
			isa = XCConfigurationList;
			buildConfigurations = (
				6307D30627952534005EC2EF /* Debug */,
				6307D30727952534005EC2EF /* Release */,
			);
			defaultConfigurationIsVisible = 0;
			defaultConfigurationName = Release;
		};
		6307D30827952534005EC2EF /* Build configuration list for PBXNativeTarget "BithumbTestTests" */ = {
			isa = XCConfigurationList;
			buildConfigurations = (
				6307D30927952534005EC2EF /* Debug */,
				6307D30A27952534005EC2EF /* Release */,
			);
			defaultConfigurationIsVisible = 0;
			defaultConfigurationName = Release;
		};
		6307D30B27952534005EC2EF /* Build configuration list for PBXNativeTarget "BithumbTestUITests" */ = {
			isa = XCConfigurationList;
			buildConfigurations = (
				6307D30C27952534005EC2EF /* Debug */,
				6307D30D27952534005EC2EF /* Release */,
			);
			defaultConfigurationIsVisible = 0;
			defaultConfigurationName = Release;
		};
/* End XCConfigurationList section */

/* Begin XCVersionGroup section */
		637E359227A9429200BEEB6A /* Main.xcdatamodeld */ = {
			isa = XCVersionGroup;
			children = (
				637E359327A9429200BEEB6A /* BithumbTest.xcdatamodel */,
			);
			currentVersion = 637E359327A9429200BEEB6A /* BithumbTest.xcdatamodel */;
			path = Main.xcdatamodeld;
			sourceTree = "<group>";
			versionGroupType = wrapper.xcdatamodel;
		};
/* End XCVersionGroup section */
	};
	rootObject = 6307D2D027952533005EC2EF /* Project object */;
}
